
Microsoft Visual Studio Solution File, Format Version 12.00
# Visual Studio 15
Project("{FAE04EC0-301F-11D3-BF4B-00C04F79EFBC}") = "DaoDan", "DaoDan.csproj", "{4520C092-E8C6-1BFC-B328-4644B842AD1F}"
EndProject
Project("{FAE04EC0-301F-11D3-BF4B-00C04F79EFBC}") = "DaoDan.Editor", "DaoDan.Editor.csproj", "{46D06003-C4DD-A54F-7C35-0DB77A273B49}"
EndProject
Global
	GlobalSection(SolutionConfigurationPlatforms) = preSolution
		Debug|Any CPU = Debug|Any CPU
		Release|Any CPU = Release|Any CPU
	EndGlobalSection
	GlobalSection(ProjectConfigurationPlatforms) = postSolution
		{4520C092-E8C6-1BFC-B328-4644B842AD1F}.Debug|Any CPU.ActiveCfg = Debug|Any CPU
		{4520C092-E8C6-1BFC-B328-4644B842AD1F}.Debug|Any CPU.Build.0 = Debug|Any CPU
		{4520C092-E8C6-1BFC-B328-4644B842AD1F}.Release|Any CPU.ActiveCfg = Release|Any CPU
		{4520C092-E8C6-1BFC-B328-4644B842AD1F}.Release|Any CPU.Build.0 = Release|Any CPU
		{46D06003-C4DD-A54F-7C35-0DB77A273B49}.Debug|Any CPU.ActiveCfg = Debug|Any CPU
		{46D06003-C4DD-A54F-7C35-0DB77A273B49}.Debug|Any CPU.Build.0 = Debug|Any CPU
		{46D06003-C4DD-A54F-7C35-0DB77A273B49}.Release|Any CPU.ActiveCfg = Release|Any CPU
		{46D06003-C4DD-A54F-7C35-0DB77A273B49}.Release|Any CPU.Build.0 = Release|Any CPU
	EndGlobalSection
	GlobalSection(SolutionProperties) = preSolution
		HideSolutionNode = FALSE
	EndGlobalSection
EndGlobal
